
Microsoft Visual Studio Solution File, Format Version 12.00
# Visual Studio Version 16
VisualStudioVersion = 16.0.31424.327
MinimumVisualStudioVersion = 10.0.40219.1
Project("{FAE04EC0-301F-11D3-BF4B-00C04F79EFBC}") = "practica4", "practica4\practica4.csproj", "{4580326C-84EC-45D0-AC84-D40C5C055510}"
EndProject
Global
	GlobalSection(SolutionConfigurationPlatforms) = preSolution
		Debug|Any CPU = Debug|Any CPU
		Release|Any CPU = Release|Any CPU
	EndGlobalSection
	GlobalSection(ProjectConfigurationPlatforms) = postSolution
		{4580326C-84EC-45D0-AC84-D40C5C055510}.Debug|Any CPU.ActiveCfg = Debug|Any CPU
		{4580326C-84EC-45D0-AC84-D40C5C055510}.Debug|Any CPU.Build.0 = Debug|Any CPU
		{4580326C-84EC-45D0-AC84-D40C5C055510}.Release|Any CPU.ActiveCfg = Release|Any CPU
		{4580326C-84EC-45D0-AC84-D40C5C055510}.Release|Any CPU.Build.0 = Release|Any CPU
	EndGlobalSection
	GlobalSection(SolutionProperties) = preSolution
		HideSolutionNode = FALSE
	EndGlobalSection
	GlobalSection(ExtensibilityGlobals) = postSolution
		SolutionGuid = {E545C629-B0D6-4DD4-909C-D06D737F6E27}
	EndGlobalSection
EndGlobal
